
Microsoft Visual Studio Solution File, Format Version 12.00
# Visual Studio Version 16
VisualStudioVersion = 16.0.31112.23
MinimumVisualStudioVersion = 10.0.40219.1
Project("{FAE04EC0-301F-11D3-BF4B-00C04F79EFBC}") = "NinjaSato", "NinjaSato\NinjaSato.csproj", "{BDCDEBDF-036B-4BFD-B9DD-AF33DA49C4BC}"
EndProject
Global
	GlobalSection(SolutionConfigurationPlatforms) = preSolution
		Debug|Any CPU = Debug|Any CPU
		Release|Any CPU = Release|Any CPU
	EndGlobalSection
	GlobalSection(ProjectConfigurationPlatforms) = postSolution
		{BDCDEBDF-036B-4BFD-B9DD-AF33DA49C4BC}.Debug|Any CPU.ActiveCfg = Debug|Any CPU
		{BDCDEBDF-036B-4BFD-B9DD-AF33DA49C4BC}.Debug|Any CPU.Build.0 = Debug|Any CPU
		{BDCDEBDF-036B-4BFD-B9DD-AF33DA49C4BC}.Release|Any CPU.ActiveCfg = Release|Any CPU
		{BDCDEBDF-036B-4BFD-B9DD-AF33DA49C4BC}.Release|Any CPU.Build.0 = Release|Any CPU
	EndGlobalSection
	GlobalSection(SolutionProperties) = preSolution
		HideSolutionNode = FALSE
	EndGlobalSection
	GlobalSection(ExtensibilityGlobals) = postSolution
		SolutionGuid = {00ECED57-7CD5-406D-9F54-50187E14AE0A}
	EndGlobalSection
EndGlobal
